
Microsoft Visual Studio Solution File, Format Version 12.00
# Visual Studio 14
VisualStudioVersion = 14.0.23107.0
MinimumVisualStudioVersion = 10.0.40219.1
Project("{FAE04EC0-301F-11D3-BF4B-00C04F79EFBC}") = "WeakReferences", "WeakReferences\WeakReferences.csproj", "{AF316284-892D-4375-B30B-76D0B49F194D}"
EndProject
Project("{FAE04EC0-301F-11D3-BF4B-00C04F79EFBC}") = "UnitTestWeak", "UnitTestWeak\UnitTestWeak.csproj", "{6C103EC5-B30A-4C9A-A273-2292896E7562}"
EndProject
Global
	GlobalSection(SolutionConfigurationPlatforms) = preSolution
		Debug|Any CPU = Debug|Any CPU
		Release|Any CPU = Release|Any CPU
	EndGlobalSection
	GlobalSection(ProjectConfigurationPlatforms) = postSolution
		{AF316284-892D-4375-B30B-76D0B49F194D}.Debug|Any CPU.ActiveCfg = Debug|Any CPU
		{AF316284-892D-4375-B30B-76D0B49F194D}.Debug|Any CPU.Build.0 = Debug|Any CPU
		{AF316284-892D-4375-B30B-76D0B49F194D}.Release|Any CPU.ActiveCfg = Release|Any CPU
		{AF316284-892D-4375-B30B-76D0B49F194D}.Release|Any CPU.Build.0 = Release|Any CPU
		{6C103EC5-B30A-4C9A-A273-2292896E7562}.Debug|Any CPU.ActiveCfg = Debug|Any CPU
		{6C103EC5-B30A-4C9A-A273-2292896E7562}.Debug|Any CPU.Build.0 = Debug|Any CPU
		{6C103EC5-B30A-4C9A-A273-2292896E7562}.Release|Any CPU.ActiveCfg = Release|Any CPU
		{6C103EC5-B30A-4C9A-A273-2292896E7562}.Release|Any CPU.Build.0 = Release|Any CPU
	EndGlobalSection
	GlobalSection(SolutionProperties) = preSolution
		HideSolutionNode = FALSE
	EndGlobalSection
EndGlobal
